# This file is autogenerated, do not edit; changes may be undone by the next 'dep ensure'.


[[projects]]
  name = "github.com/BurntSushi/toml"
  packages = ["."]
  revision = "b26d9c308763d68093482582cea63d69be07a0f0"
  version = "v0.3.0"

[[projects]]
  name = "github.com/Songmu/timeout"
  packages = ["."]
  revision = "9ba68abc43a87aa2351db88bd86d018ea7bbe0e9"
  version = "v0.2.1"

[[projects]]
  branch = "master"
  name = "github.com/Songmu/wrapcommander"
  packages = ["."]
  revision = "c228fd70413bba4c4b70d0bd78d4665dc6ec252b"

[[projects]]
  branch = "master"
  name = "github.com/mackerelio/golib"
  packages = ["logging"]
  revision = "945914207577a721f650608796ec313b7562448c"

[[projects]]
  name = "github.com/mackerelio/mackerel-agent"
  packages = ["cmdutil","config"]
  revision = "a6869061b6712ef1f80e28680704dace34e2aeb9"
  version = "v0.50.1"

[[projects]]
  name = "github.com/pkg/errors"
  packages = ["."]
  revision = "645ef00459ed84a119197bfb8d8205042c6df63d"
  version = "v0.8.0"

[solve-meta]
  analyzer-name = "dep"
  analyzer-version = 1
  inputs-digest = "60c62c4c735659939a4f5f69a1a162071faf51bdefcb332244463f34b43434bb"
  solver-name = "gps-cdcl"
  solver-version = 1
